
Microsoft Visual Studio Solution File, Format Version 12.00
# Visual Studio Version 17
VisualStudioVersion = 17.11.35327.3
MinimumVisualStudioVersion = 10.0.40219.1
Project("{FAE04EC0-301F-11D3-BF4B-00C04F79EFBC}") = "Sirb_dragos", "Sirb_dragos.csproj", "{F8DD8F52-0A7B-4225-B8BC-CC5E9B275FEC}"
EndProject
Global
	GlobalSection(SolutionConfigurationPlatforms) = preSolution
		Debug|Any CPU = Debug|Any CPU
		Release|Any CPU = Release|Any CPU
	EndGlobalSection
	GlobalSection(ProjectConfigurationPlatforms) = postSolution
		{F8DD8F52-0A7B-4225-B8BC-CC5E9B275FEC}.Debug|Any CPU.ActiveCfg = Debug|Any CPU
		{F8DD8F52-0A7B-4225-B8BC-CC5E9B275FEC}.Debug|Any CPU.Build.0 = Debug|Any CPU
		{F8DD8F52-0A7B-4225-B8BC-CC5E9B275FEC}.Release|Any CPU.ActiveCfg = Release|Any CPU
		{F8DD8F52-0A7B-4225-B8BC-CC5E9B275FEC}.Release|Any CPU.Build.0 = Release|Any CPU
	EndGlobalSection
	GlobalSection(SolutionProperties) = preSolution
		HideSolutionNode = FALSE
	EndGlobalSection
	GlobalSection(ExtensibilityGlobals) = postSolution
		SolutionGuid = {1CCC7EF0-C1FE-47CA-9A71-5B46068CFB77}
	EndGlobalSection
EndGlobal
